
Microsoft Visual Studio Solution File, Format Version 12.00
# Visual Studio Version 16
VisualStudioVersion = 16.0.30611.23
MinimumVisualStudioVersion = 10.0.40219.1
Project("{FAE04EC0-301F-11D3-BF4B-00C04F79EFBC}") = "MySQLTestWebApp1", "MySQLTestWebApp1\MySQLTestWebApp1.csproj", "{A5906884-CB8F-4551-A99F-597CBA72F45F}"
EndProject
Global
	GlobalSection(SolutionConfigurationPlatforms) = preSolution
		Debug|Any CPU = Debug|Any CPU
		Release|Any CPU = Release|Any CPU
	EndGlobalSection
	GlobalSection(ProjectConfigurationPlatforms) = postSolution
		{A5906884-CB8F-4551-A99F-597CBA72F45F}.Debug|Any CPU.ActiveCfg = Debug|Any CPU
		{A5906884-CB8F-4551-A99F-597CBA72F45F}.Debug|Any CPU.Build.0 = Debug|Any CPU
		{A5906884-CB8F-4551-A99F-597CBA72F45F}.Release|Any CPU.ActiveCfg = Release|Any CPU
		{A5906884-CB8F-4551-A99F-597CBA72F45F}.Release|Any CPU.Build.0 = Release|Any CPU
	EndGlobalSection
	GlobalSection(SolutionProperties) = preSolution
		HideSolutionNode = FALSE
	EndGlobalSection
	GlobalSection(ExtensibilityGlobals) = postSolution
		SolutionGuid = {85FE7A33-0E45-4F41-9CEB-DA8AE536A67F}
	EndGlobalSection
EndGlobal
